# THIS IS AN AUTOGENERATED FILE. DO NOT EDIT THIS FILE DIRECTLY.
# yarn lockfile v1


"@babel/runtime@^7.16.3":
  "integrity" "sha512-t9wi7/AW6XtKahAe20Yw0/mMljKq0B1r2fPdvaAdV/KPDZewFXdaaa6K7lxmZBZ8FBNpCiAT6iHPmd6QO9bKfQ=="
  "resolved" "https://registry.npmjs.org/@babel/runtime/-/runtime-7.18.6.tgz"
  "version" "7.18.6"
  dependencies:
    "regenerator-runtime" "^0.13.4"

"@heroicons/react@^1.0.6":
  "integrity" "sha512-JJCXydOFWMDpCP4q13iEplA503MQO3xLoZiKum+955ZCtHINWnx26CUxVxxFQu/uLb4LW3ge15ZpzIkXKkJ8oQ=="
  "resolved" "https://registry.npmjs.org/@heroicons/react/-/react-1.0.6.tgz"
  "version" "1.0.6"

"@panva/hkdf@^1.0.1":
  "integrity" "sha512-MSAs9t3Go7GUkMhpKC44T58DJ5KGk2vBo+h1cqQeqlMfdGkxaVB78ZWpv9gYi/g2fa4sopag9gJsNvS8XGgWJA=="
  "resolved" "https://registry.npmjs.org/@panva/hkdf/-/hkdf-1.0.2.tgz"
  "version" "1.0.2"

"cookie@^0.4.1":
  "integrity" "sha512-aSWTXFzaKWkvHO1Ny/s+ePFpvKsPnjc551iI41v3ny/ow6tBG5Vd+FuqGNhh1LxOmVzOlGUriIlOaokOvhaStA=="
  "resolved" "https://registry.npmjs.org/cookie/-/cookie-0.4.2.tgz"
  "version" "0.4.2"

"jose@^4.1.4", "jose@^4.3.7":
  "integrity" "sha512-7rySkpW78d8LBp4YU70Wb7+OTgE3OwAALNVZxhoIhp4Kscp+p/fBkdpxGAMKxvCAMV4QfXBU9m6l9nX/vGwd2g=="
  "resolved" "https://registry.npmjs.org/jose/-/jose-4.8.3.tgz"
  "version" "4.8.3"

"js-tokens@^3.0.0 || ^4.0.0":
  "integrity" "sha512-RdJUflcE3cUzKiMqQgsCu06FPu9UdIJO0beYbPhHN4k6apgJtifcoCtT9bcxOpYBtpD2kCM6Sbzg4CausW/PKQ=="
  "resolved" "https://registry.npmjs.org/js-tokens/-/js-tokens-4.0.0.tgz"
  "version" "4.0.0"

"loose-envify@^1.1.0":
  "integrity" "sha512-lyuxPGr/Wfhrlem2CL/UcnUc1zcqKAImBDzukY7Y5F/yQiNdko6+fRLevlw1HgMySw7f611UIY408EtxRSoK3Q=="
  "resolved" "https://registry.npmjs.org/loose-envify/-/loose-envify-1.4.0.tgz"
  "version" "1.4.0"
  dependencies:
    "js-tokens" "^3.0.0 || ^4.0.0"

"lru-cache@^6.0.0":
  "integrity" "sha512-Jo6dJ04CmSjuznwJSS3pUeWmd/H0ffTlkXXgwZi+eq1UCmqQwCh+eLsYOYCwY991i2Fah4h1BEMCx4qThGbsiA=="
  "resolved" "https://registry.npmjs.org/lru-cache/-/lru-cache-6.0.0.tgz"
  "version" "6.0.0"
  dependencies:
    "yallist" "^4.0.0"

"next-auth@^4.8.0":
  "integrity" "sha512-7vN7akNsAEqV8w1cqZf71UFYw18zy/N5y3xEQz2k3Rju34n7z3+cwdNjGS0FVCoKi/s1wiN27z9ruwlOwiQNsg=="
  "resolved" "https://registry.npmjs.org/next-auth/-/next-auth-4.8.0.tgz"
  "version" "4.8.0"
  dependencies:
    "@babel/runtime" "^7.16.3"
    "@panva/hkdf" "^1.0.1"
    "cookie" "^0.4.1"
    "jose" "^4.3.7"
    "oauth" "^0.9.15"
    "openid-client" "^5.1.0"
    "preact" "^10.6.3"
    "preact-render-to-string" "^5.1.19"
    "uuid" "^8.3.2"

"oauth@^0.9.15":
  "integrity" "sha512-a5ERWK1kh38ExDEfoO6qUHJb32rd7aYmPHuyCu3Fta/cnICvYmgd2uhuKXvPD+PXB+gCEYYEaQdIRAjCOwAKNA=="
  "resolved" "https://registry.npmjs.org/oauth/-/oauth-0.9.15.tgz"
  "version" "0.9.15"

"object-hash@^2.0.1":
  "integrity" "sha512-gScRMn0bS5fH+IuwyIFgnh9zBdo4DV+6GhygmWM9HyNJSgS0hScp1f5vjtm7oIIOiT9trXrShAkLFSc2IqKNgw=="
  "resolved" "https://registry.npmjs.org/object-hash/-/object-hash-2.2.0.tgz"
  "version" "2.2.0"

"oidc-token-hash@^5.0.1":
  "integrity" "sha512-EvoOtz6FIEBzE+9q253HsLCVRiK/0doEJ2HCvvqMQb3dHZrP3WlJKYtJ55CRTw4jmYomzH4wkPuCj/I3ZvpKxQ=="
  "resolved" "https://registry.npmjs.org/oidc-token-hash/-/oidc-token-hash-5.0.1.tgz"
  "version" "5.0.1"

"openid-client@^5.1.0":
  "integrity" "sha512-VNtf/q+fv2Jiqi0ViLVmN3gGMSHF+YUGW6baKA/naoPKkKw4JdvghaP/kXQ/bzRRDWk6VmpCYDcR934UdDs8ug=="
  "resolved" "https://registry.npmjs.org/openid-client/-/openid-client-5.1.7.tgz"
  "version" "5.1.7"
  dependencies:
    "jose" "^4.1.4"
    "lru-cache" "^6.0.0"
    "object-hash" "^2.0.1"
    "oidc-token-hash" "^5.0.1"

"preact-render-to-string@^5.1.19":
  "integrity" "sha512-+RGwSW78Cl+NsZRUbFW1MGB++didsfqRk+IyRVTaqy+3OjtpKK/6HgBtfszUX0YXMfo41k2iaQSseAHGKEwrbg=="
  "resolved" "https://registry.npmjs.org/preact-render-to-string/-/preact-render-to-string-5.2.0.tgz"
  "version" "5.2.0"
  dependencies:
    "pretty-format" "^3.8.0"

"preact@^10.6.3", "preact@>=10":
  "integrity" "sha512-AKGt0BsDSiAYzVS78jZ9qRwuorY2CoSZtf1iOC6gLb/3QyZt+fLT09aYJBjRc/BEcRc4j+j3ggERMdNE43i1LQ=="
  "resolved" "https://registry.npmjs.org/preact/-/preact-10.8.2.tgz"
  "version" "10.8.2"

"pretty-format@^3.8.0":
  "integrity" "sha512-WuxUnVtlWL1OfZFQFuqvnvs6MiAGk9UNsBostyBOB0Is9wb5uRESevA6rnl/rkksXaGX3GzZhPup5d6Vp1nFew=="
  "resolved" "https://registry.npmjs.org/pretty-format/-/pretty-format-3.8.0.tgz"
  "version" "3.8.0"

"react-dom@^17.0.2 || ^18":
  "integrity" "sha512-6IMTriUmvsjHUjNtEDudZfuDQUoWXVxKHhlEGSk81n4YFS+r/Kl99wXiwlVXtPBtJenozv2P+hxDsw9eA7Xo6g=="
  "resolved" "https://registry.npmjs.org/react-dom/-/react-dom-18.2.0.tgz"
  "version" "18.2.0"
  dependencies:
    "loose-envify" "^1.1.0"
    "scheduler" "^0.23.0"

"react@^17.0.2 || ^18", "react@^18.2.0", "react@>= 16":
  "integrity" "sha512-/3IjMdb2L9QbBdWiW5e3P2/npwMBaU9mHCSCUzNln0ZCYbcfTsGbTJrU/kGemdH2IWmB2ioZ+zkxtmq6g09fGQ=="
  "resolved" "https://registry.npmjs.org/react/-/react-18.2.0.tgz"
  "version" "18.2.0"
  dependencies:
    "loose-envify" "^1.1.0"

"regenerator-runtime@^0.13.4":
  "integrity" "sha512-p3VT+cOEgxFsRRA9X4lkI1E+k2/CtnKtU4gcxyaCUreilL/vqI6CdZ3wxVUx3UOUg+gnUOQQcRI7BmSI656MYA=="
  "resolved" "https://registry.npmjs.org/regenerator-runtime/-/regenerator-runtime-0.13.9.tgz"
  "version" "0.13.9"

"scheduler@^0.23.0":
  "integrity" "sha512-CtuThmgHNg7zIZWAXi3AsyIzA3n4xx7aNyjwC2VJldO2LMVDhFK+63xGqq6CsJH4rTAt6/M+N4GhZiDYPx9eUw=="
  "resolved" "https://registry.npmjs.org/scheduler/-/scheduler-0.23.0.tgz"
  "version" "0.23.0"
  dependencies:
    "loose-envify" "^1.1.0"

"uuid@^8.3.2":
  "integrity" "sha512-+NYs2QeMWy+GWFOEm9xnn6HCDp0l7QBD7ml8zLUmJ+93Q5NF0NocErnwkTkXVFNiX3/fpC6afS8Dhb/gz7R7eg=="
  "resolved" "https://registry.npmjs.org/uuid/-/uuid-8.3.2.tgz"
  "version" "8.3.2"

"yallist@^4.0.0":
  "integrity" "sha512-3wdGidZyq5PB084XLES5TpOSRA3wjXAlIWMhum2kRcv/41Sn2emQ0dycQW4uZXLejwKvg6EsvbdlVL+FYEct7A=="
  "resolved" "https://registry.npmjs.org/yallist/-/yallist-4.0.0.tgz"
  "version" "4.0.0"
